# This file is automatically @generated by Cargo.
# It is not intended for manual editing.
version = 4

[[package]]
name = "cpu"
version = "0.1.0"

[[package]]
name = "memory"
version = "0.1.0"

[[package]]
name = "rust-kernel-aecore"
version = "0.1.0"
dependencies = [
 "cpu",
 "memory",
 "scrn",
]

[[package]]
name = "scrn"
version = "0.1.0"
